PODS:
  - XYUIKitTreeManager (0.1.0)

DEPENDENCIES:
  - XYUIKitTreeManager (from `../`)

EXTERNAL SOURCES:
  XYUIKitTreeManager:
    :path: "../"

SPEC CHECKSUMS:
  XYUIKitTreeManager: 8d23d1bd74759cf75e48e43e7e89c932d6a54055

PODFILE CHECKSUM: dbdc0aa12ab66d0d4073c34237208d14cda5c66c

COCOAPODS: 1.7.4
